// !$*UTF8*$!
{
	archiveVersion = 1;
	classes = {
	};
	objectVersion = 56;
	objects = {

/* Begin PBXBuildFile section */
		6C35FA9A2CA2A36900FA8850 /* AppDelegate.swift in Sources */ = {isa = PBXBuildFile; fileRef = 6C35FA992CA2A36900FA8850 /* AppDelegate.swift */; };
		6C35FA9C2CA2A36900FA8850 /* SceneDelegate.swift in Sources */ = {isa = PBXBuildFile; fileRef = 6C35FA9B2CA2A36900FA8850 /* SceneDelegate.swift */; };
		6C35FA9E2CA2A36900FA8850 /* ListViewController.swift in Sources */ = {isa = PBXBuildFile; fileRef = 6C35FA9D2CA2A36900FA8850 /* ListViewController.swift */; };
		6C35FAA12CA2A36900FA8850 /* Base in Resources */ = {isa = PBXBuildFile; fileRef = 6C35FAA02CA2A36900FA8850 /* Base */; };
		6C35FAA32CA2A36900FA8850 /* Assets.xcassets in Resources */ = {isa = PBXBuildFile; fileRef = 6C35FAA22CA2A36900FA8850 /* Assets.xcassets */; };
		6C35FAA62CA2A36900FA8850 /* Base in Resources */ = {isa = PBXBuildFile; fileRef = 6C35FAA52CA2A36900FA8850 /* Base */; };
		6C35FAAF2CA2A47B00FA8850 /* Peliculas.swift in Sources */ = {isa = PBXBuildFile; fileRef = 6C35FAAE2CA2A47B00FA8850 /* Peliculas.swift */; };
		6C35FAB22CA2AA4400FA8850 /* Constants.swift in Sources */ = {isa = PBXBuildFile; fileRef = 6C35FAB02CA2AA4400FA8850 /* Constants.swift */; };
		6C35FAB32CA2AA4400FA8850 /* UIImageViewExtension.swift in Sources */ = {isa = PBXBuildFile; fileRef = 6C35FAB12CA2AA4400FA8850 /* UIImageViewExtension.swift */; };
		6C35FAB62CA2AAD500FA8850 /* PeliculasProvider.swift in Sources */ = {isa = PBXBuildFile; fileRef = 6C35FAB52CA2AAD500FA8850 /* PeliculasProvider.swift */; };
		6C35FAB92CA2ACE200FA8850 /* PeliculasViewCell.swift in Sources */ = {isa = PBXBuildFile; fileRef = 6C35FAB82CA2ACE200FA8850 /* PeliculasViewCell.swift */; };
		6C35FABC2CA2CC1700FA8850 /* DetailsViewController.swift in Sources */ = {isa = PBXBuildFile; fileRef = 6C35FABB2CA2CC1700FA8850 /* DetailsViewController.swift */; };
/* End PBXBuildFile section */

/* Begin PBXFileReference section */
		6C35FA962CA2A36900FA8850 /* BuscadorPeliculas-iOS.app */ = {isa = PBXFileReference; explicitFileType = wrapper.application; includeInIndex = 0; path = "BuscadorPeliculas-iOS.app"; sourceTree = BUILT_PRODUCTS_DIR; };
		6C35FA992CA2A36900FA8850 /* AppDelegate.swift */ = {isa = PBXFileReference; lastKnownFileType = sourcecode.swift; path = AppDelegate.swift; sourceTree = "<group>"; };
		6C35FA9B2CA2A36900FA8850 /* SceneDelegate.swift */ = {isa = PBXFileReference; lastKnownFileType = sourcecode.swift; path = SceneDelegate.swift; sourceTree = "<group>"; };
		6C35FA9D2CA2A36900FA8850 /* ListViewController.swift */ = {isa = PBXFileReference; lastKnownFileType = sourcecode.swift; path = ListViewController.swift; sourceTree = "<group>"; };
		6C35FAA02CA2A36900FA8850 /* Base */ = {isa = PBXFileReference; lastKnownFileType = file.storyboard; name = Base; path = Base.lproj/Main.storyboard; sourceTree = "<group>"; };
		6C35FAA22CA2A36900FA8850 /* Assets.xcassets */ = {isa = PBXFileReference; lastKnownFileType = folder.assetcatalog; path = Assets.xcassets; sourceTree = "<group>"; };
		6C35FAA52CA2A36900FA8850 /* Base */ = {isa = PBXFileReference; lastKnownFileType = file.storyboard; name = Base; path = Base.lproj/LaunchScreen.storyboard; sourceTree = "<group>"; };
		6C35FAA72CA2A36900FA8850 /* Info.plist */ = {isa = PBXFileReference; lastKnownFileType = text.plist.xml; path = Info.plist; sourceTree = "<group>"; };
		6C35FAAE2CA2A47B00FA8850 /* Peliculas.swift */ = {isa = PBXFileReference; lastKnownFileType = sourcecode.swift; path = Peliculas.swift; sourceTree = "<group>"; };
		6C35FAB02CA2AA4400FA8850 /* Constants.swift */ = {isa = PBXFileReference; fileEncoding = 4; lastKnownFileType = sourcecode.swift; name = Constants.swift; path = Utils/Constants.swift; sourceTree = "<group>"; };
		6C35FAB12CA2AA4400FA8850 /* UIImageViewExtension.swift */ = {isa = PBXFileReference; fileEncoding = 4; lastKnownFileType = sourcecode.swift; name = UIImageViewExtension.swift; path = Utils/UIImageViewExtension.swift; sourceTree = "<group>"; };
		6C35FAB52CA2AAD500FA8850 /* PeliculasProvider.swift */ = {isa = PBXFileReference; lastKnownFileType = sourcecode.swift; path = PeliculasProvider.swift; sourceTree = "<group>"; };
		6C35FAB82CA2ACE200FA8850 /* PeliculasViewCell.swift */ = {isa = PBXFileReference; lastKnownFileType = sourcecode.swift; path = PeliculasViewCell.swift; sourceTree = "<group>"; };
		6C35FABB2CA2CC1700FA8850 /* DetailsViewController.swift */ = {isa = PBXFileReference; lastKnownFileType = sourcecode.swift; path = DetailsViewController.swift; sourceTree = "<group>"; };
/* End PBXFileReference section */

/* Begin PBXFrameworksBuildPhase section */
		6C35FA932CA2A36900FA8850 /* Frameworks */ = {
			isa = PBXFrameworksBuildPhase;
			buildActionMask = 2147483647;
			files = (
			);
			runOnlyForDeploymentPostprocessing = 0;
		};
/* End PBXFrameworksBuildPhase section */

/* Begin PBXGroup section */
		6C35FA8D2CA2A36900FA8850 = {
			isa = PBXGroup;
			children = (
				6C35FABA2CA2CC0100FA8850 /* ViewControllers */,
				6C35FAB72CA2ACBB00FA8850 /* ViewCells */,
				6C35FAB02CA2AA4400FA8850 /* Constants.swift */,
				6C35FAB12CA2AA4400FA8850 /* UIImageViewExtension.swift */,
				6C35FAAD2CA2A46400FA8850 /* Data */,
				6C35FA982CA2A36900FA8850 /* BuscadorPeliculas-iOS */,
				6C35FA972CA2A36900FA8850 /* Products */,
			);
			sourceTree = "<group>";
		};
		6C35FA972CA2A36900FA8850 /* Products */ = {
			isa = PBXGroup;
			children = (
				6C35FA962CA2A36900FA8850 /* BuscadorPeliculas-iOS.app */,
			);
			name = Products;
			sourceTree = "<group>";
		};
		6C35FA982CA2A36900FA8850 /* BuscadorPeliculas-iOS */ = {
			isa = PBXGroup;
			children = (
				6C35FA992CA2A36900FA8850 /* AppDelegate.swift */,
				6C35FA9B2CA2A36900FA8850 /* SceneDelegate.swift */,
				6C35FA9F2CA2A36900FA8850 /* Main.storyboard */,
				6C35FAA22CA2A36900FA8850 /* Assets.xcassets */,
				6C35FAA42CA2A36900FA8850 /* LaunchScreen.storyboard */,
				6C35FAA72CA2A36900FA8850 /* Info.plist */,
			);
			path = "BuscadorPeliculas-iOS";
			sourceTree = "<group>";
		};
		6C35FAAD2CA2A46400FA8850 /* Data */ = {
			isa = PBXGroup;
			children = (
				6C35FAAE2CA2A47B00FA8850 /* Peliculas.swift */,
				6C35FAB52CA2AAD500FA8850 /* PeliculasProvider.swift */,
			);
			path = Data;
			sourceTree = "<group>";
		};
		6C35FAB72CA2ACBB00FA8850 /* ViewCells */ = {
			isa = PBXGroup;
			children = (
				6C35FAB82CA2ACE200FA8850 /* PeliculasViewCell.swift */,
			);
			path = ViewCells;
			sourceTree = "<group>";
		};
		6C35FABA2CA2CC0100FA8850 /* ViewControllers */ = {
			isa = PBXGroup;
			children = (
				6C35FA9D2CA2A36900FA8850 /* ListViewController.swift */,
				6C35FABB2CA2CC1700FA8850 /* DetailsViewController.swift */,
			);
			path = ViewControllers;
			sourceTree = "<group>";
		};
/* End PBXGroup section */

/* Begin PBXNativeTarget section */
		6C35FA952CA2A36900FA8850 /* BuscadorPeliculas-iOS */ = {
			isa = PBXNativeTarget;
			buildConfigurationList = 6C35FAAA2CA2A36900FA8850 /* Build configuration list for PBXNativeTarget "BuscadorPeliculas-iOS" */;
			buildPhases = (
				6C35FA922CA2A36900FA8850 /* Sources */,
				6C35FA932CA2A36900FA8850 /* Frameworks */,
				6C35FA942CA2A36900FA8850 /* Resources */,
			);
			buildRules = (
			);
			dependencies = (
			);
			name = "BuscadorPeliculas-iOS";
			productName = "BuscadorPeliculas-iOS";
			productReference = 6C35FA962CA2A36900FA8850 /* BuscadorPeliculas-iOS.app */;
			productType = "com.apple.product-type.application";
		};
/* End PBXNativeTarget section */

/* Begin PBXProject section */
		6C35FA8E2CA2A36900FA8850 /* Project object */ = {
			isa = PBXProject;
			attributes = {
				BuildIndependentTargetsInParallel = 1;
				LastSwiftUpdateCheck = 1540;
				LastUpgradeCheck = 1540;
				TargetAttributes = {
					6C35FA952CA2A36900FA8850 = {
						CreatedOnToolsVersion = 15.4;
					};
				};
			};
			buildConfigurationList = 6C35FA912CA2A36900FA8850 /* Build configuration list for PBXProject "BuscadorPeliculas-iOS" */;
			compatibilityVersion = "Xcode 14.0";
			developmentRegion = en;
			hasScannedForEncodings = 0;
			knownRegions = (
				en,
				Base,
			);
			mainGroup = 6C35FA8D2CA2A36900FA8850;
			productRefGroup = 6C35FA972CA2A36900FA8850 /* Products */;
			projectDirPath = "";
			projectRoot = "";
			targets = (
				6C35FA952CA2A36900FA8850 /* BuscadorPeliculas-iOS */,
			);
		};
/* End PBXProject section */

/* Begin PBXResourcesBuildPhase section */
		6C35FA942CA2A36900FA8850 /* Resources */ = {
			isa = PBXResourcesBuildPhase;
			buildActionMask = 2147483647;
			files = (
				6C35FAA32CA2A36900FA8850 /* Assets.xcassets in Resources */,
				6C35FAA62CA2A36900FA8850 /* Base in Resources */,
				6C35FAA12CA2A36900FA8850 /* Base in Resources */,
			);
			runOnlyForDeploymentPostprocessing = 0;
		};
/* End PBXResourcesBuildPhase section */

/* Begin PBXSourcesBuildPhase section */
		6C35FA922CA2A36900FA8850 /* Sources */ = {
			isa = PBXSourcesBuildPhase;
			buildActionMask = 2147483647;
			files = (
				6C35FAB62CA2AAD500FA8850 /* PeliculasProvider.swift in Sources */,
				6C35FAB22CA2AA4400FA8850 /* Constants.swift in Sources */,
				6C35FABC2CA2CC1700FA8850 /* DetailsViewController.swift in Sources */,
				6C35FAAF2CA2A47B00FA8850 /* Peliculas.swift in Sources */,
				6C35FAB32CA2AA4400FA8850 /* UIImageViewExtension.swift in Sources */,
				6C35FA9E2CA2A36900FA8850 /* ListViewController.swift in Sources */,
				6C35FA9A2CA2A36900FA8850 /* AppDelegate.swift in Sources */,
				6C35FA9C2CA2A36900FA8850 /* SceneDelegate.swift in Sources */,
				6C35FAB92CA2ACE200FA8850 /* PeliculasViewCell.swift in Sources */,
			);
			runOnlyForDeploymentPostprocessing = 0;
		};
/* End PBXSourcesBuildPhase section */

/* Begin PBXVariantGroup section */
		6C35FA9F2CA2A36900FA8850 /* Main.storyboard */ = {
			isa = PBXVariantGroup;
			children = (
				6C35FAA02CA2A36900FA8850 /* Base */,
			);
			name = Main.storyboard;
			sourceTree = "<group>";
		};
		6C35FAA42CA2A36900FA8850 /* LaunchScreen.storyboard */ = {
			isa = PBXVariantGroup;
			children = (
				6C35FAA52CA2A36900FA8850 /* Base */,
			);
			name = LaunchScreen.storyboard;
			sourceTree = "<group>";
		};
/* End PBXVariantGroup section */

/* Begin XCBuildConfiguration section */
		6C35FAA82CA2A36900FA8850 /* Debug */ = {
			isa = XCBuildConfiguration;
			buildSettings = {
				ALWAYS_SEARCH_USER_PATHS = NO;
				ASSETCATALOG_COMPILER_GENERATE_SWIFT_ASSET_SYMBOL_EXTENSIONS = YES;
				CLANG_ANALYZER_NONNULL = YES;
				CLANG_ANALYZER_NUMBER_OBJECT_CONVERSION = YES_AGGRESSIVE;
				CLANG_CXX_LANGUAGE_STANDARD = "gnu++20";
				CLANG_ENABLE_MODULES = YES;
				CLANG_ENABLE_OBJC_ARC = YES;
				CLANG_ENABLE_OBJC_WEAK = YES;
				CLANG_WARN_BLOCK_CAPTURE_AUTORELEASING = YES;
				CLANG_WARN_BOOL_CONVERSION = YES;
				CLANG_WARN_COMMA = YES;
				CLANG_WARN_CONSTANT_CONVERSION = YES;
				CLANG_WARN_DEPRECATED_OBJC_IMPLEMENTATIONS = YES;
				CLANG_WARN_DIRECT_OBJC_ISA_USAGE = YES_ERROR;
				CLANG_WARN_DOCUMENTATION_COMMENTS = YES;
				CLANG_WARN_EMPTY_BODY = YES;
				CLANG_WARN_ENUM_CONVERSION = YES;
				CLANG_WARN_INFINITE_RECURSION = YES;
				CLANG_WARN_INT_CONVERSION = YES;
				CLANG_WARN_NON_LITERAL_NULL_CONVERSION = YES;
				CLANG_WARN_OBJC_IMPLICIT_RETAIN_SELF = YES;
				CLANG_WARN_OBJC_LITERAL_CONVERSION = YES;
				CLANG_WARN_OBJC_ROOT_CLASS = YES_ERROR;
				CLANG_WARN_QUOTED_INCLUDE_IN_FRAMEWORK_HEADER = YES;
				CLANG_WARN_RANGE_LOOP_ANALYSIS = YES;
				CLANG_WARN_STRICT_PROTOTYPES = YES;
				CLANG_WARN_SUSPICIOUS_MOVE = YES;
				CLANG_WARN_UNGUARDED_AVAILABILITY = YES_AGGRESSIVE;
				CLANG_WARN_UNREACHABLE_CODE = YES;
				CLANG_WARN__DUPLICATE_METHOD_MATCH = YES;
				COPY_PHASE_STRIP = NO;
				DEBUG_INFORMATION_FORMAT = dwarf;
				ENABLE_STRICT_OBJC_MSGSEND = YES;
				ENABLE_TESTABILITY = YES;
				ENABLE_USER_SCRIPT_SANDBOXING = YES;
				GCC_C_LANGUAGE_STANDARD = gnu17;
				GCC_DYNAMIC_NO_PIC = NO;
				GCC_NO_COMMON_BLOCKS = YES;
				GCC_OPTIMIZATION_LEVEL = 0;
				GCC_PREPROCESSOR_DEFINITIONS = (
					"DEBUG=1",
					"$(inherited)",
				);
				GCC_WARN_64_TO_32_BIT_CONVERSION = YES;
				GCC_WARN_ABOUT_RETURN_TYPE = YES_ERROR;
				GCC_WARN_UNDECLARED_SELECTOR = YES;
				GCC_WARN_UNINITIALIZED_AUTOS = YES_AGGRESSIVE;
				GCC_WARN_UNUSED_FUNCTION = YES;
				GCC_WARN_UNUSED_VARIABLE = YES;
				IPHONEOS_DEPLOYMENT_TARGET = 17.5;
				LOCALIZATION_PREFERS_STRING_CATALOGS = YES;
				MTL_ENABLE_DEBUG_INFO = INCLUDE_SOURCE;
				MTL_FAST_MATH = YES;
				ONLY_ACTIVE_ARCH = YES;
				SDKROOT = iphoneos;
				SWIFT_ACTIVE_COMPILATION_CONDITIONS = "DEBUG $(inherited)";
				SWIFT_OPTIMIZATION_LEVEL = "-Onone";
			};
			name = Debug;
		};
		6C35FAA92CA2A36900FA8850 /* Release */ = {
			isa = XCBuildConfiguration;
			buildSettings = {
				ALWAYS_SEARCH_USER_PATHS = NO;
				ASSETCATALOG_COMPILER_GENERATE_SWIFT_ASSET_SYMBOL_EXTENSIONS = YES;
				CLANG_ANALYZER_NONNULL = YES;
				CLANG_ANALYZER_NUMBER_OBJECT_CONVERSION = YES_AGGRESSIVE;
				CLANG_CXX_LANGUAGE_STANDARD = "gnu++20";
				CLANG_ENABLE_MODULES = YES;
				CLANG_ENABLE_OBJC_ARC = YES;
				CLANG_ENABLE_OBJC_WEAK = YES;
				CLANG_WARN_BLOCK_CAPTURE_AUTORELEASING = YES;
				CLANG_WARN_BOOL_CONVERSION = YES;
				CLANG_WARN_COMMA = YES;
				CLANG_WARN_CONSTANT_CONVERSION = YES;
				CLANG_WARN_DEPRECATED_OBJC_IMPLEMENTATIONS = YES;
				CLANG_WARN_DIRECT_OBJC_ISA_USAGE = YES_ERROR;
				CLANG_WARN_DOCUMENTATION_COMMENTS = YES;
				CLANG_WARN_EMPTY_BODY = YES;
				CLANG_WARN_ENUM_CONVERSION = YES;
				CLANG_WARN_INFINITE_RECURSION = YES;
				CLANG_WARN_INT_CONVERSION = YES;
				CLANG_WARN_NON_LITERAL_NULL_CONVERSION = YES;
				CLANG_WARN_OBJC_IMPLICIT_RETAIN_SELF = YES;
				CLANG_WARN_OBJC_LITERAL_CONVERSION = YES;
				CLANG_WARN_OBJC_ROOT_CLASS = YES_ERROR;
				CLANG_WARN_QUOTED_INCLUDE_IN_FRAMEWORK_HEADER = YES;
				CLANG_WARN_RANGE_LOOP_ANALYSIS = YES;
				CLANG_WARN_STRICT_PROTOTYPES = YES;
				CLANG_WARN_SUSPICIOUS_MOVE = YES;
				CLANG_WARN_UNGUARDED_AVAILABILITY = YES_AGGRESSIVE;
				CLANG_WARN_UNREACHABLE_CODE = YES;
				CLANG_WARN__DUPLICATE_METHOD_MATCH = YES;
				COPY_PHASE_STRIP = NO;
				DEBUG_INFORMATION_FORMAT = "dwarf-with-dsym";
				ENABLE_NS_ASSERTIONS = NO;
				ENABLE_STRICT_OBJC_MSGSEND = YES;
				ENABLE_USER_SCRIPT_SANDBOXING = YES;
				GCC_C_LANGUAGE_STANDARD = gnu17;
				GCC_NO_COMMON_BLOCKS = YES;
				GCC_WARN_64_TO_32_BIT_CONVERSION = YES;
				GCC_WARN_ABOUT_RETURN_TYPE = YES_ERROR;
				GCC_WARN_UNDECLARED_SELECTOR = YES;
				GCC_WARN_UNINITIALIZED_AUTOS = YES_AGGRESSIVE;
				GCC_WARN_UNUSED_FUNCTION = YES;
				GCC_WARN_UNUSED_VARIABLE = YES;
				IPHONEOS_DEPLOYMENT_TARGET = 17.5;
				LOCALIZATION_PREFERS_STRING_CATALOGS = YES;
				MTL_ENABLE_DEBUG_INFO = NO;
				MTL_FAST_MATH = YES;
				SDKROOT = iphoneos;
				SWIFT_COMPILATION_MODE = wholemodule;
				VALIDATE_PRODUCT = YES;
			};
			name = Release;
		};
		6C35FAAB2CA2A36900FA8850 /* Debug */ = {
			isa = XCBuildConfiguration;
			buildSettings = {
				ASSETCATALOG_COMPILER_APPICON_NAME = AppIcon;
				ASSETCATALOG_COMPILER_GLOBAL_ACCENT_COLOR_NAME = AccentColor;
				CODE_SIGN_STYLE = Automatic;
				CURRENT_PROJECT_VERSION = 1;
				GENERATE_INFOPLIST_FILE = YES;
				INFOPLIST_FILE = "BuscadorPeliculas-iOS/Info.plist";
				INFOPLIST_KEY_UIApplicationSupportsIndirectInputEvents = YES;
				INFOPLIST_KEY_UILaunchStoryboardName = LaunchScreen;
				INFOPLIST_KEY_UIMainStoryboardFile = Main;
				INFOPLIST_KEY_UISupportedInterfaceOrientations_iPad = "UIInterfaceOrientationPortrait UIInterfaceOrientationPortraitUpsideDown UIInterfaceOrientationLandscapeLeft UIInterfaceOrientationLandscapeRight";
				INFOPLIST_KEY_UISupportedInterfaceOrientations_iPhone = "UIInterfaceOrientationPortrait UIInterfaceOrientationLandscapeLeft UIInterfaceOrientationLandscapeRight";
				LD_RUNPATH_SEARCH_PATHS = (
					"$(inherited)",
					"@executable_path/Frameworks",
				);
				MARKETING_VERSION = 1.0;
				PRODUCT_BUNDLE_IDENTIFIER = "com.example.BuscadorPeliculas-iOS";
				PRODUCT_NAME = "$(TARGET_NAME)";
				SWIFT_EMIT_LOC_STRINGS = YES;
				SWIFT_VERSION = 5.0;
				TARGETED_DEVICE_FAMILY = "1,2";
			};
			name = Debug;
		};
		6C35FAAC2CA2A36900FA8850 /* Release */ = {
			isa = XCBuildConfiguration;
			buildSettings = {
				ASSETCATALOG_COMPILER_APPICON_NAME = AppIcon;
				ASSETCATALOG_COMPILER_GLOBAL_ACCENT_COLOR_NAME = AccentColor;
				CODE_SIGN_STYLE = Automatic;
				CURRENT_PROJECT_VERSION = 1;
				GENERATE_INFOPLIST_FILE = YES;
				INFOPLIST_FILE = "BuscadorPeliculas-iOS/Info.plist";
				INFOPLIST_KEY_UIApplicationSupportsIndirectInputEvents = YES;
				INFOPLIST_KEY_UILaunchStoryboardName = LaunchScreen;
				INFOPLIST_KEY_UIMainStoryboardFile = Main;
				INFOPLIST_KEY_UISupportedInterfaceOrientations_iPad = "UIInterfaceOrientationPortrait UIInterfaceOrientationPortraitUpsideDown UIInterfaceOrientationLandscapeLeft UIInterfaceOrientationLandscapeRight";
				INFOPLIST_KEY_UISupportedInterfaceOrientations_iPhone = "UIInterfaceOrientationPortrait UIInterfaceOrientationLandscapeLeft UIInterfaceOrientationLandscapeRight";
				LD_RUNPATH_SEARCH_PATHS = (
					"$(inherited)",
					"@executable_path/Frameworks",
				);
				MARKETING_VERSION = 1.0;
				PRODUCT_BUNDLE_IDENTIFIER = "com.example.BuscadorPeliculas-iOS";
				PRODUCT_NAME = "$(TARGET_NAME)";
				SWIFT_EMIT_LOC_STRINGS = YES;
				SWIFT_VERSION = 5.0;
				TARGETED_DEVICE_FAMILY = "1,2";
			};
			name = Release;
		};
/* End XCBuildConfiguration section */

/* Begin XCConfigurationList section */
		6C35FA912CA2A36900FA8850 /* Build configuration list for PBXProject "BuscadorPeliculas-iOS" */ = {
			isa = XCConfigurationList;
			buildConfigurations = (
				6C35FAA82CA2A36900FA8850 /* Debug */,
				6C35FAA92CA2A36900FA8850 /* Release */,
			);
			defaultConfigurationIsVisible = 0;
			defaultConfigurationName = Release;
		};
		6C35FAAA2CA2A36900FA8850 /* Build configuration list for PBXNativeTarget "BuscadorPeliculas-iOS" */ = {
			isa = XCConfigurationList;
			buildConfigurations = (
				6C35FAAB2CA2A36900FA8850 /* Debug */,
				6C35FAAC2CA2A36900FA8850 /* Release */,
			);
			defaultConfigurationIsVisible = 0;
			defaultConfigurationName = Release;
		};
/* End XCConfigurationList section */
	};
	rootObject = 6C35FA8E2CA2A36900FA8850 /* Project object */;
}
